
Microsoft Visual Studio Solution File, Format Version 12.00
# Visual Studio Version 17
VisualStudioVersion = 17.12.35728.132 d17.12
MinimumVisualStudioVersion = 10.0.40219.1
Project("{FAE04EC0-301F-11D3-BF4B-00C04F79EFBC}") = "DigitalRepository.Server", "DigitalRepository.Server\DigitalRepository.Server.csproj", "{1BA828AA-3783-4330-B34D-A7B728F90D31}"
EndProject
Project("{54A90642-561A-4BB1-A94E-469ADEE60C69}") = "digitalrepository.client", "digitalrepository.client\digitalrepository.client.esproj", "{16C55F8F-374D-456B-A77C-B727C6DCA0B5}"
EndProject
Global
	GlobalSection(SolutionConfigurationPlatforms) = preSolution
		Debug|Any CPU = Debug|Any CPU
		Release|Any CPU = Release|Any CPU
	EndGlobalSection
	GlobalSection(ProjectConfigurationPlatforms) = postSolution
		{1BA828AA-3783-4330-B34D-A7B728F90D31}.Debug|Any CPU.ActiveCfg = Debug|Any CPU
		{1BA828AA-3783-4330-B34D-A7B728F90D31}.Debug|Any CPU.Build.0 = Debug|Any CPU
		{1BA828AA-3783-4330-B34D-A7B728F90D31}.Release|Any CPU.ActiveCfg = Release|Any CPU
		{1BA828AA-3783-4330-B34D-A7B728F90D31}.Release|Any CPU.Build.0 = Release|Any CPU
		{16C55F8F-374D-456B-A77C-B727C6DCA0B5}.Debug|Any CPU.ActiveCfg = Debug|Any CPU
		{16C55F8F-374D-456B-A77C-B727C6DCA0B5}.Debug|Any CPU.Build.0 = Debug|Any CPU
		{16C55F8F-374D-456B-A77C-B727C6DCA0B5}.Debug|Any CPU.Deploy.0 = Debug|Any CPU
		{16C55F8F-374D-456B-A77C-B727C6DCA0B5}.Release|Any CPU.ActiveCfg = Release|Any CPU
		{16C55F8F-374D-456B-A77C-B727C6DCA0B5}.Release|Any CPU.Build.0 = Release|Any CPU
		{16C55F8F-374D-456B-A77C-B727C6DCA0B5}.Release|Any CPU.Deploy.0 = Release|Any CPU
	EndGlobalSection
	GlobalSection(SolutionProperties) = preSolution
		HideSolutionNode = FALSE
	EndGlobalSection
EndGlobal
